
Microsoft Visual Studio Solution File, Format Version 12.00
# Visual Studio Version 17
VisualStudioVersion = 17.7.34031.279
MinimumVisualStudioVersion = 10.0.40219.1
Project("{9A19103F-16F7-4668-BE54-9A1E7A4F7556}") = "DesignPatternsInCSharpLibrary", "DesignPatternsInCSharpLibrary\DesignPatternsInCSharpLibrary.csproj", "{8C864A72-4361-4A9D-A6BC-E34A3255A967}"
EndProject
Project("{FAE04EC0-301F-11D3-BF4B-00C04F79EFBC}") = "DesignPatternsInCSharpLibrary.ConsoleTest", "DesignPatternsInCSharpLibrary.ConsoleTest\DesignPatternsInCSharpLibrary.ConsoleTest.csproj", "{718B9EEF-2447-4954-A2D8-3773FFF6A059}"
EndProject
Global
	GlobalSection(SolutionConfigurationPlatforms) = preSolution
		Debug|Any CPU = Debug|Any CPU
		Release|Any CPU = Release|Any CPU
	EndGlobalSection
	GlobalSection(ProjectConfigurationPlatforms) = postSolution
		{8C864A72-4361-4A9D-A6BC-E34A3255A967}.Debug|Any CPU.ActiveCfg = Debug|Any CPU
		{8C864A72-4361-4A9D-A6BC-E34A3255A967}.Debug|Any CPU.Build.0 = Debug|Any CPU
		{8C864A72-4361-4A9D-A6BC-E34A3255A967}.Release|Any CPU.ActiveCfg = Release|Any CPU
		{8C864A72-4361-4A9D-A6BC-E34A3255A967}.Release|Any CPU.Build.0 = Release|Any CPU
		{718B9EEF-2447-4954-A2D8-3773FFF6A059}.Debug|Any CPU.ActiveCfg = Debug|Any CPU
		{718B9EEF-2447-4954-A2D8-3773FFF6A059}.Debug|Any CPU.Build.0 = Debug|Any CPU
		{718B9EEF-2447-4954-A2D8-3773FFF6A059}.Release|Any CPU.ActiveCfg = Release|Any CPU
		{718B9EEF-2447-4954-A2D8-3773FFF6A059}.Release|Any CPU.Build.0 = Release|Any CPU
	EndGlobalSection
	GlobalSection(SolutionProperties) = preSolution
		HideSolutionNode = FALSE
	EndGlobalSection
	GlobalSection(ExtensibilityGlobals) = postSolution
		SolutionGuid = {DF3C7A49-2489-4E2C-A099-BA33552E92D1}
	EndGlobalSection
EndGlobal
